// !$*UTF8*$!
{
	archiveVersion = 1;
	classes = {
	};
	objectVersion = 48;
	objects = {

/* Begin PBXBuildFile section */
		811F26FD20052AD100A9B47C /* Event.swift in Sources */ = {isa = PBXBuildFile; fileRef = 811F26FC20052AD100A9B47C /* Event.swift */; };
		811F26FF20052AE200A9B47C /* User.swift in Sources */ = {isa = PBXBuildFile; fileRef = 811F26FE20052AE200A9B47C /* User.swift */; };
		811F270120052AFC00A9B47C /* Comment.swift in Sources */ = {isa = PBXBuildFile; fileRef = 811F270020052AFC00A9B47C /* Comment.swift */; };
		811F270420052B4300A9B47C /* CreateAccount.storyboard in Resources */ = {isa = PBXBuildFile; fileRef = 811F270320052B4300A9B47C /* CreateAccount.storyboard */; };
		811F270620052B7700A9B47C /* TabBarController.storyboard in Resources */ = {isa = PBXBuildFile; fileRef = 811F270520052B7700A9B47C /* TabBarController.storyboard */; };
		811F270820052BEB00A9B47C /* ListFeed.storyboard in Resources */ = {isa = PBXBuildFile; fileRef = 811F270720052BEB00A9B47C /* ListFeed.storyboard */; };
		811F270A20052E0000A9B47C /* MapFeed.storyboard in Resources */ = {isa = PBXBuildFile; fileRef = 811F270920052E0000A9B47C /* MapFeed.storyboard */; };
		811F270C20052E1600A9B47C /* Profile.storyboard in Resources */ = {isa = PBXBuildFile; fileRef = 811F270B20052E1600A9B47C /* Profile.storyboard */; };
		811F270E20052E3E00A9B47C /* EventController.swift in Sources */ = {isa = PBXBuildFile; fileRef = 811F270D20052E3E00A9B47C /* EventController.swift */; };
		811F271020052E4D00A9B47C /* UserController.swift in Sources */ = {isa = PBXBuildFile; fileRef = 811F270F20052E4D00A9B47C /* UserController.swift */; };
		811F271220052E5E00A9B47C /* CommentController.swift in Sources */ = {isa = PBXBuildFile; fileRef = 811F271120052E5E00A9B47C /* CommentController.swift */; };
		811F27172005301000A9B47C /* CloudKit.framework in Frameworks */ = {isa = PBXBuildFile; fileRef = 811F27162005301000A9B47C /* CloudKit.framework */; };
		811F27192005309300A9B47C /* LaunchScreenCopy.storyboard in Resources */ = {isa = PBXBuildFile; fileRef = 811F27182005309300A9B47C /* LaunchScreenCopy.storyboard */; };
		81EDF41820042E35006E69EA /* AppDelegate.swift in Sources */ = {isa = PBXBuildFile; fileRef = 81EDF41720042E35006E69EA /* AppDelegate.swift */; };
		81EDF41F20042E35006E69EA /* Assets.xcassets in Resources */ = {isa = PBXBuildFile; fileRef = 81EDF41E20042E35006E69EA /* Assets.xcassets */; };
		81EDF42220042E35006E69EA /* LaunchScreen.storyboard in Resources */ = {isa = PBXBuildFile; fileRef = 81EDF42020042E35006E69EA /* LaunchScreen.storyboard */; };
		CA47E0572005785800B6222F /* EventTableViewCell.swift in Sources */ = {isa = PBXBuildFile; fileRef = CA47E0562005785800B6222F /* EventTableViewCell.swift */; };
/* End PBXBuildFile section */

/* Begin PBXFileReference section */
		811F26FC20052AD100A9B47C /* Event.swift */ = {isa = PBXFileReference; lastKnownFileType = sourcecode.swift; path = Event.swift; sourceTree = "<group>"; };
		811F26FE20052AE200A9B47C /* User.swift */ = {isa = PBXFileReference; lastKnownFileType = sourcecode.swift; path = User.swift; sourceTree = "<group>"; };
		811F270020052AFC00A9B47C /* Comment.swift */ = {isa = PBXFileReference; lastKnownFileType = sourcecode.swift; path = Comment.swift; sourceTree = "<group>"; };
		811F270320052B4300A9B47C /* CreateAccount.storyboard */ = {isa = PBXFileReference; lastKnownFileType = file.storyboard; path = CreateAccount.storyboard; sourceTree = "<group>"; };
		811F270520052B7700A9B47C /* TabBarController.storyboard */ = {isa = PBXFileReference; lastKnownFileType = file.storyboard; path = TabBarController.storyboard; sourceTree = "<group>"; };
		811F270720052BEB00A9B47C /* ListFeed.storyboard */ = {isa = PBXFileReference; fileEncoding = 4; lastKnownFileType = file.storyboard; path = ListFeed.storyboard; sourceTree = "<group>"; };
		811F270920052E0000A9B47C /* MapFeed.storyboard */ = {isa = PBXFileReference; fileEncoding = 4; lastKnownFileType = file.storyboard; path = MapFeed.storyboard; sourceTree = "<group>"; };
		811F270B20052E1600A9B47C /* Profile.storyboard */ = {isa = PBXFileReference; fileEncoding = 4; lastKnownFileType = file.storyboard; path = Profile.storyboard; sourceTree = "<group>"; };
		811F270D20052E3E00A9B47C /* EventController.swift */ = {isa = PBXFileReference; lastKnownFileType = sourcecode.swift; path = EventController.swift; sourceTree = "<group>"; };
		811F270F20052E4D00A9B47C /* UserController.swift */ = {isa = PBXFileReference; lastKnownFileType = sourcecode.swift; path = UserController.swift; sourceTree = "<group>"; };
		811F271120052E5E00A9B47C /* CommentController.swift */ = {isa = PBXFileReference; lastKnownFileType = sourcecode.swift; path = CommentController.swift; sourceTree = "<group>"; };
		811F27142005300F00A9B47C /* Root.entitlements */ = {isa = PBXFileReference; lastKnownFileType = text.plist.entitlements; path = Root.entitlements; sourceTree = "<group>"; };
		811F27162005301000A9B47C /* CloudKit.framework */ = {isa = PBXFileReference; lastKnownFileType = wrapper.framework; name = CloudKit.framework; path = System/Library/Frameworks/CloudKit.framework; sourceTree = SDKROOT; };
		811F27182005309300A9B47C /* LaunchScreenCopy.storyboard */ = {isa = PBXFileReference; lastKnownFileType = file.storyboard; path = LaunchScreenCopy.storyboard; sourceTree = "<group>"; };
		81EDF41420042E35006E69EA /* Root.app */ = {isa = PBXFileReference; explicitFileType = wrapper.application; includeInIndex = 0; path = Root.app; sourceTree = BUILT_PRODUCTS_DIR; };
		81EDF41720042E35006E69EA /* AppDelegate.swift */ = {isa = PBXFileReference; lastKnownFileType = sourcecode.swift; path = AppDelegate.swift; sourceTree = "<group>"; };
		81EDF41E20042E35006E69EA /* Assets.xcassets */ = {isa = PBXFileReference; lastKnownFileType = folder.assetcatalog; path = Assets.xcassets; sourceTree = "<group>"; };
		81EDF42120042E35006E69EA /* Base */ = {isa = PBXFileReference; lastKnownFileType = file.storyboard; name = Base; path = Base.lproj/LaunchScreen.storyboard; sourceTree = "<group>"; };
		81EDF42320042E35006E69EA /* Info.plist */ = {isa = PBXFileReference; lastKnownFileType = text.plist.xml; path = Info.plist; sourceTree = "<group>"; };
		CA47E0562005785800B6222F /* EventTableViewCell.swift */ = {isa = PBXFileReference; lastKnownFileType = sourcecode.swift; path = EventTableViewCell.swift; sourceTree = "<group>"; };
/* End PBXFileReference section */

/* Begin PBXFrameworksBuildPhase section */
		81EDF41120042E35006E69EA /* Frameworks */ = {
			isa = PBXFrameworksBuildPhase;
			buildActionMask = 2147483647;
			files = (
				811F27172005301000A9B47C /* CloudKit.framework in Frameworks */,
			);
			runOnlyForDeploymentPostprocessing = 0;
		};
/* End PBXFrameworksBuildPhase section */

/* Begin PBXGroup section */
		811F26FA20051F1400A9B47C /* Resources */ = {
			isa = PBXGroup;
			children = (
				81EDF41E20042E35006E69EA /* Assets.xcassets */,
				81EDF42320042E35006E69EA /* Info.plist */,
			);
			path = Resources;
			sourceTree = "<group>";
		};
		811F26FB20051F6400A9B47C /* Storyboards */ = {
			isa = PBXGroup;
			children = (
				811F270320052B4300A9B47C /* CreateAccount.storyboard */,
				811F270520052B7700A9B47C /* TabBarController.storyboard */,
				811F270B20052E1600A9B47C /* Profile.storyboard */,
				811F270920052E0000A9B47C /* MapFeed.storyboard */,
				811F270720052BEB00A9B47C /* ListFeed.storyboard */,
				81EDF42020042E35006E69EA /* LaunchScreen.storyboard */,
				811F27182005309300A9B47C /* LaunchScreenCopy.storyboard */,
			);
			path = Storyboards;
			sourceTree = "<group>";
		};
		811F270220052B0300A9B47C /* Models */ = {
			isa = PBXGroup;
			children = (
				811F26FC20052AD100A9B47C /* Event.swift */,
				811F26FE20052AE200A9B47C /* User.swift */,
				811F270020052AFC00A9B47C /* Comment.swift */,
			);
			path = Models;
			sourceTree = "<group>";
		};
		811F271320052E6200A9B47C /* ModelControllers */ = {
			isa = PBXGroup;
			children = (
				811F270D20052E3E00A9B47C /* EventController.swift */,
				811F270F20052E4D00A9B47C /* UserController.swift */,
				811F271120052E5E00A9B47C /* CommentController.swift */,
			);
			path = ModelControllers;
			sourceTree = "<group>";
		};
		811F27152005301000A9B47C /* Frameworks */ = {
			isa = PBXGroup;
			children = (
				811F27162005301000A9B47C /* CloudKit.framework */,
			);
			name = Frameworks;
			sourceTree = "<group>";
		};
		81EDF40B20042E35006E69EA = {
			isa = PBXGroup;
			children = (
				81EDF41620042E35006E69EA /* Root */,
				81EDF41520042E35006E69EA /* Products */,
				811F27152005301000A9B47C /* Frameworks */,
			);
			sourceTree = "<group>";
		};
		81EDF41520042E35006E69EA /* Products */ = {
			isa = PBXGroup;
			children = (
				81EDF41420042E35006E69EA /* Root.app */,
			);
			name = Products;
			sourceTree = "<group>";
		};
		81EDF41620042E35006E69EA /* Root */ = {
			isa = PBXGroup;
			children = (
				811F27142005300F00A9B47C /* Root.entitlements */,
				81EDF41720042E35006E69EA /* AppDelegate.swift */,
				811F270220052B0300A9B47C /* Models */,
				811F271320052E6200A9B47C /* ModelControllers */,
				CA47E0552005782B00B6222F /* Views */,
				811F26FB20051F6400A9B47C /* Storyboards */,
				811F26FA20051F1400A9B47C /* Resources */,
			);
			path = Root;
			sourceTree = "<group>";
		};
		CA47E0552005782B00B6222F /* Views */ = {
			isa = PBXGroup;
			children = (
				CA47E0562005785800B6222F /* EventTableViewCell.swift */,
			);
			path = Views;
			sourceTree = "<group>";
		};
/* End PBXGroup section */

/* Begin PBXNativeTarget section */
		81EDF41320042E35006E69EA /* Root */ = {
			isa = PBXNativeTarget;
			buildConfigurationList = 81EDF42620042E35006E69EA /* Build configuration list for PBXNativeTarget "Root" */;
			buildPhases = (
				81EDF41020042E35006E69EA /* Sources */,
				81EDF41120042E35006E69EA /* Frameworks */,
				81EDF41220042E35006E69EA /* Resources */,
			);
			buildRules = (
			);
			dependencies = (
			);
			name = Root;
			productName = Root;
			productReference = 81EDF41420042E35006E69EA /* Root.app */;
			productType = "com.apple.product-type.application";
		};
/* End PBXNativeTarget section */

/* Begin PBXProject section */
		81EDF40C20042E35006E69EA /* Project object */ = {
			isa = PBXProject;
			attributes = {
				LastSwiftUpdateCheck = 0920;
				LastUpgradeCheck = 0920;
				ORGANIZATIONNAME = "Jayden Garrick";
				TargetAttributes = {
					81EDF41320042E35006E69EA = {
						CreatedOnToolsVersion = 9.2;
						ProvisioningStyle = Automatic;
						SystemCapabilities = {
							com.apple.Push = {
								enabled = 1;
							};
							com.apple.iCloud = {
								enabled = 1;
							};
						};
					};
				};
			};
			buildConfigurationList = 81EDF40F20042E35006E69EA /* Build configuration list for PBXProject "Root" */;
			compatibilityVersion = "Xcode 8.0";
			developmentRegion = en;
			hasScannedForEncodings = 0;
			knownRegions = (
				en,
				Base,
			);
			mainGroup = 81EDF40B20042E35006E69EA;
			productRefGroup = 81EDF41520042E35006E69EA /* Products */;
			projectDirPath = "";
			projectRoot = "";
			targets = (
				81EDF41320042E35006E69EA /* Root */,
			);
		};
/* End PBXProject section */

/* Begin PBXResourcesBuildPhase section */
		81EDF41220042E35006E69EA /* Resources */ = {
			isa = PBXResourcesBuildPhase;
			buildActionMask = 2147483647;
			files = (
				811F27192005309300A9B47C /* LaunchScreenCopy.storyboard in Resources */,
				811F270820052BEB00A9B47C /* ListFeed.storyboard in Resources */,
				81EDF42220042E35006E69EA /* LaunchScreen.storyboard in Resources */,
				81EDF41F20042E35006E69EA /* Assets.xcassets in Resources */,
				811F270620052B7700A9B47C /* TabBarController.storyboard in Resources */,
				811F270420052B4300A9B47C /* CreateAccount.storyboard in Resources */,
				811F270C20052E1600A9B47C /* Profile.storyboard in Resources */,
				811F270A20052E0000A9B47C /* MapFeed.storyboard in Resources */,
			);
			runOnlyForDeploymentPostprocessing = 0;
		};
/* End PBXResourcesBuildPhase section */

/* Begin PBXSourcesBuildPhase section */
		81EDF41020042E35006E69EA /* Sources */ = {
			isa = PBXSourcesBuildPhase;
			buildActionMask = 2147483647;
			files = (
				CA47E0572005785800B6222F /* EventTableViewCell.swift in Sources */,
				811F271220052E5E00A9B47C /* CommentController.swift in Sources */,
				811F271020052E4D00A9B47C /* UserController.swift in Sources */,
				811F26FD20052AD100A9B47C /* Event.swift in Sources */,
				81EDF41820042E35006E69EA /* AppDelegate.swift in Sources */,
				811F270E20052E3E00A9B47C /* EventController.swift in Sources */,
				811F26FF20052AE200A9B47C /* User.swift in Sources */,
				811F270120052AFC00A9B47C /* Comment.swift in Sources */,
			);
			runOnlyForDeploymentPostprocessing = 0;
		};
/* End PBXSourcesBuildPhase section */

/* Begin PBXVariantGroup section */
		81EDF42020042E35006E69EA /* LaunchScreen.storyboard */ = {
			isa = PBXVariantGroup;
			children = (
				81EDF42120042E35006E69EA /* Base */,
			);
			name = LaunchScreen.storyboard;
			sourceTree = "<group>";
		};
/* End PBXVariantGroup section */

/* Begin XCBuildConfiguration section */
		81EDF42420042E35006E69EA /* Debug */ = {
			isa = XCBuildConfiguration;
			buildSettings = {
				ALWAYS_SEARCH_USER_PATHS = NO;
				CLANG_ANALYZER_NONNULL = YES;
				CLANG_ANALYZER_NUMBER_OBJECT_CONVERSION = YES_AGGRESSIVE;
				CLANG_CXX_LANGUAGE_STANDARD = "gnu++14";
				CLANG_CXX_LIBRARY = "libc++";
				CLANG_ENABLE_MODULES = YES;
				CLANG_ENABLE_OBJC_ARC = YES;
				CLANG_WARN_BLOCK_CAPTURE_AUTORELEASING = YES;
				CLANG_WARN_BOOL_CONVERSION = YES;
				CLANG_WARN_COMMA = YES;
				CLANG_WARN_CONSTANT_CONVERSION = YES;
				CLANG_WARN_DIRECT_OBJC_ISA_USAGE = YES_ERROR;
				CLANG_WARN_DOCUMENTATION_COMMENTS = YES;
				CLANG_WARN_EMPTY_BODY = YES;
				CLANG_WARN_ENUM_CONVERSION = YES;
				CLANG_WARN_INFINITE_RECURSION = YES;
				CLANG_WARN_INT_CONVERSION = YES;
				CLANG_WARN_NON_LITERAL_NULL_CONVERSION = YES;
				CLANG_WARN_OBJC_LITERAL_CONVERSION = YES;
				CLANG_WARN_OBJC_ROOT_CLASS = YES_ERROR;
				CLANG_WARN_RANGE_LOOP_ANALYSIS = YES;
				CLANG_WARN_STRICT_PROTOTYPES = YES;
				CLANG_WARN_SUSPICIOUS_MOVE = YES;
				CLANG_WARN_UNGUARDED_AVAILABILITY = YES_AGGRESSIVE;
				CLANG_WARN_UNREACHABLE_CODE = YES;
				CLANG_WARN__DUPLICATE_METHOD_MATCH = YES;
				CODE_SIGN_IDENTITY = "iPhone Developer";
				COPY_PHASE_STRIP = NO;
				DEBUG_INFORMATION_FORMAT = dwarf;
				ENABLE_STRICT_OBJC_MSGSEND = YES;
				ENABLE_TESTABILITY = YES;
				GCC_C_LANGUAGE_STANDARD = gnu11;
				GCC_DYNAMIC_NO_PIC = NO;
				GCC_NO_COMMON_BLOCKS = YES;
				GCC_OPTIMIZATION_LEVEL = 0;
				GCC_PREPROCESSOR_DEFINITIONS = (
					"DEBUG=1",
					"$(inherited)",
				);
				GCC_WARN_64_TO_32_BIT_CONVERSION = YES;
				GCC_WARN_ABOUT_RETURN_TYPE = YES_ERROR;
				GCC_WARN_UNDECLARED_SELECTOR = YES;
				GCC_WARN_UNINITIALIZED_AUTOS = YES_AGGRESSIVE;
				GCC_WARN_UNUSED_FUNCTION = YES;
				GCC_WARN_UNUSED_VARIABLE = YES;
				IPHONEOS_DEPLOYMENT_TARGET = 11.2;
				MTL_ENABLE_DEBUG_INFO = YES;
				ONLY_ACTIVE_ARCH = YES;
				SDKROOT = iphoneos;
				SWIFT_ACTIVE_COMPILATION_CONDITIONS = DEBUG;
				SWIFT_OPTIMIZATION_LEVEL = "-Onone";
			};
			name = Debug;
		};
		81EDF42520042E35006E69EA /* Release */ = {
			isa = XCBuildConfiguration;
			buildSettings = {
				ALWAYS_SEARCH_USER_PATHS = NO;
				CLANG_ANALYZER_NONNULL = YES;
				CLANG_ANALYZER_NUMBER_OBJECT_CONVERSION = YES_AGGRESSIVE;
				CLANG_CXX_LANGUAGE_STANDARD = "gnu++14";
				CLANG_CXX_LIBRARY = "libc++";
				CLANG_ENABLE_MODULES = YES;
				CLANG_ENABLE_OBJC_ARC = YES;
				CLANG_WARN_BLOCK_CAPTURE_AUTORELEASING = YES;
				CLANG_WARN_BOOL_CONVERSION = YES;
				CLANG_WARN_COMMA = YES;
				CLANG_WARN_CONSTANT_CONVERSION = YES;
				CLANG_WARN_DIRECT_OBJC_ISA_USAGE = YES_ERROR;
				CLANG_WARN_DOCUMENTATION_COMMENTS = YES;
				CLANG_WARN_EMPTY_BODY = YES;
				CLANG_WARN_ENUM_CONVERSION = YES;
				CLANG_WARN_INFINITE_RECURSION = YES;
				CLANG_WARN_INT_CONVERSION = YES;
				CLANG_WARN_NON_LITERAL_NULL_CONVERSION = YES;
				CLANG_WARN_OBJC_LITERAL_CONVERSION = YES;
				CLANG_WARN_OBJC_ROOT_CLASS = YES_ERROR;
				CLANG_WARN_RANGE_LOOP_ANALYSIS = YES;
				CLANG_WARN_STRICT_PROTOTYPES = YES;
				CLANG_WARN_SUSPICIOUS_MOVE = YES;
				CLANG_WARN_UNGUARDED_AVAILABILITY = YES_AGGRESSIVE;
				CLANG_WARN_UNREACHABLE_CODE = YES;
				CLANG_WARN__DUPLICATE_METHOD_MATCH = YES;
				CODE_SIGN_IDENTITY = "iPhone Developer";
				COPY_PHASE_STRIP = NO;
				DEBUG_INFORMATION_FORMAT = "dwarf-with-dsym";
				ENABLE_NS_ASSERTIONS = NO;
				ENABLE_STRICT_OBJC_MSGSEND = YES;
				GCC_C_LANGUAGE_STANDARD = gnu11;
				GCC_NO_COMMON_BLOCKS = YES;
				GCC_WARN_64_TO_32_BIT_CONVERSION = YES;
				GCC_WARN_ABOUT_RETURN_TYPE = YES_ERROR;
				GCC_WARN_UNDECLARED_SELECTOR = YES;
				GCC_WARN_UNINITIALIZED_AUTOS = YES_AGGRESSIVE;
				GCC_WARN_UNUSED_FUNCTION = YES;
				GCC_WARN_UNUSED_VARIABLE = YES;
				IPHONEOS_DEPLOYMENT_TARGET = 11.2;
				MTL_ENABLE_DEBUG_INFO = NO;
				SDKROOT = iphoneos;
				SWIFT_OPTIMIZATION_LEVEL = "-Owholemodule";
				VALIDATE_PRODUCT = YES;
			};
			name = Release;
		};
		81EDF42720042E35006E69EA /* Debug */ = {
			isa = XCBuildConfiguration;
			buildSettings = {
				ASSETCATALOG_COMPILER_APPICON_NAME = AppIcon;
				CODE_SIGN_ENTITLEMENTS = Root/Root.entitlements;
				CODE_SIGN_STYLE = Automatic;
				DEVELOPMENT_TEAM = 94C4Q5DME5;
				INFOPLIST_FILE = "$(SRCROOT)/Root/Resources/Info.plist";
				LD_RUNPATH_SEARCH_PATHS = "$(inherited) @executable_path/Frameworks";
				PRODUCT_BUNDLE_IDENTIFIER = com.jaydencraig.Root;
				PRODUCT_NAME = "$(TARGET_NAME)";
				SWIFT_VERSION = 4.0;
				TARGETED_DEVICE_FAMILY = "1,2";
			};
			name = Debug;
		};
		81EDF42820042E35006E69EA /* Release */ = {
			isa = XCBuildConfiguration;
			buildSettings = {
				ASSETCATALOG_COMPILER_APPICON_NAME = AppIcon;
				CODE_SIGN_ENTITLEMENTS = Root/Root.entitlements;
				CODE_SIGN_STYLE = Automatic;
				DEVELOPMENT_TEAM = 94C4Q5DME5;
				INFOPLIST_FILE = "$(SRCROOT)/Root/Resources/Info.plist";
				LD_RUNPATH_SEARCH_PATHS = "$(inherited) @executable_path/Frameworks";
				PRODUCT_BUNDLE_IDENTIFIER = com.jaydencraig.Root;
				PRODUCT_NAME = "$(TARGET_NAME)";
				SWIFT_VERSION = 4.0;
				TARGETED_DEVICE_FAMILY = "1,2";
			};
			name = Release;
		};
/* End XCBuildConfiguration section */

/* Begin XCConfigurationList section */
		81EDF40F20042E35006E69EA /* Build configuration list for PBXProject "Root" */ = {
			isa = XCConfigurationList;
			buildConfigurations = (
				81EDF42420042E35006E69EA /* Debug */,
				81EDF42520042E35006E69EA /* Release */,
			);
			defaultConfigurationIsVisible = 0;
			defaultConfigurationName = Release;
		};
		81EDF42620042E35006E69EA /* Build configuration list for PBXNativeTarget "Root" */ = {
			isa = XCConfigurationList;
			buildConfigurations = (
				81EDF42720042E35006E69EA /* Debug */,
				81EDF42820042E35006E69EA /* Release */,
			);
			defaultConfigurationIsVisible = 0;
			defaultConfigurationName = Release;
		};
/* End XCConfigurationList section */
	};
	rootObject = 81EDF40C20042E35006E69EA /* Project object */;
}
